
Microsoft Visual Studio Solution File, Format Version 12.00
# Visual Studio Version 17
VisualStudioVersion = 17.7.34018.315
MinimumVisualStudioVersion = 10.0.40219.1
Project("{FAE04EC0-301F-11D3-BF4B-00C04F79EFBC}") = "WLANPackageGet", "WLANPackageGet.csproj", "{11287F7B-5909-4AAE-A394-4223DA19A169}"
EndProject
Global
	GlobalSection(SolutionConfigurationPlatforms) = preSolution
		Debug|Any CPU = Debug|Any CPU
		Release|Any CPU = Release|Any CPU
	EndGlobalSection
	GlobalSection(ProjectConfigurationPlatforms) = postSolution
		{11287F7B-5909-4AAE-A394-4223DA19A169}.Debug|Any CPU.ActiveCfg = Debug|Any CPU
		{11287F7B-5909-4AAE-A394-4223DA19A169}.Debug|Any CPU.Build.0 = Debug|Any CPU
		{11287F7B-5909-4AAE-A394-4223DA19A169}.Release|Any CPU.ActiveCfg = Release|Any CPU
		{11287F7B-5909-4AAE-A394-4223DA19A169}.Release|Any CPU.Build.0 = Release|Any CPU
	EndGlobalSection
	GlobalSection(SolutionProperties) = preSolution
		HideSolutionNode = FALSE
	EndGlobalSection
	GlobalSection(ExtensibilityGlobals) = postSolution
		SolutionGuid = {642A31C7-DB2A-4309-A83B-B0D9293C3A1E}
	EndGlobalSection
EndGlobal
