
Microsoft Visual Studio Solution File, Format Version 12.00
# Visual Studio Version 17
VisualStudioVersion = 17.3.32825.248
MinimumVisualStudioVersion = 10.0.40219.1
Project("{FAE04EC0-301F-11D3-BF4B-00C04F79EFBC}") = "demo", "demo.csproj", "{BDFDF052-B097-404F-893C-F1CEA2221B9F}"
EndProject
Project("{FAE04EC0-301F-11D3-BF4B-00C04F79EFBC}") = "OMCL_DLL", "..\OMCL_DLL\OMCL_DLL.csproj", "{502B422C-318E-4D09-B7D8-FD591A1E7D05}"
EndProject
Global
	GlobalSection(SolutionConfigurationPlatforms) = preSolution
		Debug|Any CPU = Debug|Any CPU
		Release|Any CPU = Release|Any CPU
	EndGlobalSection
	GlobalSection(ProjectConfigurationPlatforms) = postSolution
		{BDFDF052-B097-404F-893C-F1CEA2221B9F}.Debug|Any CPU.ActiveCfg = Debug|Any CPU
		{BDFDF052-B097-404F-893C-F1CEA2221B9F}.Debug|Any CPU.Build.0 = Debug|Any CPU
		{BDFDF052-B097-404F-893C-F1CEA2221B9F}.Release|Any CPU.ActiveCfg = Release|Any CPU
		{BDFDF052-B097-404F-893C-F1CEA2221B9F}.Release|Any CPU.Build.0 = Release|Any CPU
		{502B422C-318E-4D09-B7D8-FD591A1E7D05}.Debug|Any CPU.ActiveCfg = Debug|Any CPU
		{502B422C-318E-4D09-B7D8-FD591A1E7D05}.Debug|Any CPU.Build.0 = Debug|Any CPU
		{502B422C-318E-4D09-B7D8-FD591A1E7D05}.Release|Any CPU.ActiveCfg = Release|Any CPU
		{502B422C-318E-4D09-B7D8-FD591A1E7D05}.Release|Any CPU.Build.0 = Release|Any CPU
	EndGlobalSection
	GlobalSection(SolutionProperties) = preSolution
		HideSolutionNode = FALSE
	EndGlobalSection
	GlobalSection(ExtensibilityGlobals) = postSolution
		SolutionGuid = {760600EE-62E8-4E01-B02A-53CFC0D02929}
	EndGlobalSection
EndGlobal
